// !$*UTF8*$!
{
	archiveVersion = 1;
	classes = {
	};
	objectVersion = 56;
	objects = {

/* Begin PBXBuildFile section */
		EA13C0A6298804CC00D01D48 /* AppDelegate.swift in Sources */ = {isa = PBXBuildFile; fileRef = EA13C0A5298804CC00D01D48 /* AppDelegate.swift */; };
		EA13C0A8298804CC00D01D48 /* SceneDelegate.swift in Sources */ = {isa = PBXBuildFile; fileRef = EA13C0A7298804CC00D01D48 /* SceneDelegate.swift */; };
		EA13C0AA298804CC00D01D48 /* ViewController.swift in Sources */ = {isa = PBXBuildFile; fileRef = EA13C0A9298804CC00D01D48 /* ViewController.swift */; };
		EA13C0AD298804CC00D01D48 /* Main.storyboard in Resources */ = {isa = PBXBuildFile; fileRef = EA13C0AB298804CC00D01D48 /* Main.storyboard */; };
		EA13C0AF298804CE00D01D48 /* Assets.xcassets in Resources */ = {isa = PBXBuildFile; fileRef = EA13C0AE298804CE00D01D48 /* Assets.xcassets */; };
		EA13C0B2298804CE00D01D48 /* LaunchScreen.storyboard in Resources */ = {isa = PBXBuildFile; fileRef = EA13C0B0298804CE00D01D48 /* LaunchScreen.storyboard */; };
		F0A1537542285A81FFF0E43D /* Pods_test_ios.framework in Frameworks */ = {isa = PBXBuildFile; fileRef = 44153C4BA252A3B894B2F2DD /* Pods_test_ios.framework */; };
/* End PBXBuildFile section */

/* Begin PBXFileReference section */
		44153C4BA252A3B894B2F2DD /* Pods_test_ios.framework */ = {isa = PBXFileReference; explicitFileType = wrapper.framework; includeInIndex = 0; path = Pods_test_ios.framework; sourceTree = BUILT_PRODUCTS_DIR; };
		5D4F2B195596CE828E338652 /* Pods-test_ios.release.xcconfig */ = {isa = PBXFileReference; includeInIndex = 1; lastKnownFileType = text.xcconfig; name = "Pods-test_ios.release.xcconfig"; path = "Target Support Files/Pods-test_ios/Pods-test_ios.release.xcconfig"; sourceTree = "<group>"; };
		CB8DBA0768D52A6D18B6E2FA /* Pods-test_ios.debug.xcconfig */ = {isa = PBXFileReference; includeInIndex = 1; lastKnownFileType = text.xcconfig; name = "Pods-test_ios.debug.xcconfig"; path = "Target Support Files/Pods-test_ios/Pods-test_ios.debug.xcconfig"; sourceTree = "<group>"; };
		EA13C0A2298804CC00D01D48 /* test_ios.app */ = {isa = PBXFileReference; explicitFileType = wrapper.application; includeInIndex = 0; path = test_ios.app; sourceTree = BUILT_PRODUCTS_DIR; };
		EA13C0A5298804CC00D01D48 /* AppDelegate.swift */ = {isa = PBXFileReference; lastKnownFileType = sourcecode.swift; path = AppDelegate.swift; sourceTree = "<group>"; };
		EA13C0A7298804CC00D01D48 /* SceneDelegate.swift */ = {isa = PBXFileReference; lastKnownFileType = sourcecode.swift; path = SceneDelegate.swift; sourceTree = "<group>"; };
		EA13C0A9298804CC00D01D48 /* ViewController.swift */ = {isa = PBXFileReference; lastKnownFileType = sourcecode.swift; path = ViewController.swift; sourceTree = "<group>"; };
		EA13C0AC298804CC00D01D48 /* Base */ = {isa = PBXFileReference; lastKnownFileType = file.storyboard; name = Base; path = Base.lproj/Main.storyboard; sourceTree = "<group>"; };
		EA13C0AE298804CE00D01D48 /* Assets.xcassets */ = {isa = PBXFileReference; lastKnownFileType = folder.assetcatalog; path = Assets.xcassets; sourceTree = "<group>"; };
		EA13C0B1298804CE00D01D48 /* Base */ = {isa = PBXFileReference; lastKnownFileType = file.storyboard; name = Base; path = Base.lproj/LaunchScreen.storyboard; sourceTree = "<group>"; };
		EA13C0B3298804CE00D01D48 /* Info.plist */ = {isa = PBXFileReference; lastKnownFileType = text.plist.xml; path = Info.plist; sourceTree = "<group>"; };
/* End PBXFileReference section */

/* Begin PBXFrameworksBuildPhase section */
		EA13C09F298804CC00D01D48 /* Frameworks */ = {
			isa = PBXFrameworksBuildPhase;
			buildActionMask = 2147483647;
			files = (
				F0A1537542285A81FFF0E43D /* Pods_test_ios.framework in Frameworks */,
			);
			runOnlyForDeploymentPostprocessing = 0;
		};
/* End PBXFrameworksBuildPhase section */

/* Begin PBXGroup section */
		347A6D9F0A0289EF0C77DFF3 /* Frameworks */ = {
			isa = PBXGroup;
			children = (
				44153C4BA252A3B894B2F2DD /* Pods_test_ios.framework */,
			);
			name = Frameworks;
			sourceTree = "<group>";
		};
		59D94AD17265E57337FE5678 /* Pods */ = {
			isa = PBXGroup;
			children = (
				CB8DBA0768D52A6D18B6E2FA /* Pods-test_ios.debug.xcconfig */,
				5D4F2B195596CE828E338652 /* Pods-test_ios.release.xcconfig */,
			);
			path = Pods;
			sourceTree = "<group>";
		};
		EA13C099298804CC00D01D48 = {
			isa = PBXGroup;
			children = (
				EA13C0A4298804CC00D01D48 /* test_ios */,
				EA13C0A3298804CC00D01D48 /* Products */,
				59D94AD17265E57337FE5678 /* Pods */,
				347A6D9F0A0289EF0C77DFF3 /* Frameworks */,
			);
			sourceTree = "<group>";
		};
		EA13C0A3298804CC00D01D48 /* Products */ = {
			isa = PBXGroup;
			children = (
				EA13C0A2298804CC00D01D48 /* test_ios.app */,
			);
			name = Products;
			sourceTree = "<group>";
		};
		EA13C0A4298804CC00D01D48 /* test_ios */ = {
			isa = PBXGroup;
			children = (
				EA390A6B298834C8009305B0 /* Application */,
				EA390A6D298834F4009305B0 /* Views */,
			);
			path = test_ios;
			sourceTree = "<group>";
		};
		EA390A6B298834C8009305B0 /* Application */ = {
			isa = PBXGroup;
			children = (
				EA13C0B3298804CE00D01D48 /* Info.plist */,
				EA13C0AE298804CE00D01D48 /* Assets.xcassets */,
				EA13C0B0298804CE00D01D48 /* LaunchScreen.storyboard */,
				EA13C0A7298804CC00D01D48 /* SceneDelegate.swift */,
				EA13C0A5298804CC00D01D48 /* AppDelegate.swift */,
			);
			path = Application;
			sourceTree = "<group>";
		};
		EA390A6D298834F4009305B0 /* Views */ = {
			isa = PBXGroup;
			children = (
				EA13C0A9298804CC00D01D48 /* ViewController.swift */,
				EA13C0AB298804CC00D01D48 /* Main.storyboard */,
			);
			path = Views;
			sourceTree = "<group>";
		};
/* End PBXGroup section */

/* Begin PBXNativeTarget section */
		EA13C0A1298804CC00D01D48 /* test_ios */ = {
			isa = PBXNativeTarget;
			buildConfigurationList = EA13C0B6298804CE00D01D48 /* Build configuration list for PBXNativeTarget "test_ios" */;
			buildPhases = (
				59A130CC2012B4D62696B2EC /* [CP] Check Pods Manifest.lock */,
				AA58D00E3A835803A86C3FD7 /* [CP-User] Run Flutter Build flutter_module_add_to_ios Script */,
				EA13C09E298804CC00D01D48 /* Sources */,
				EA13C09F298804CC00D01D48 /* Frameworks */,
				EA13C0A0298804CC00D01D48 /* Resources */,
				A9D49F3C1E88DD9312CA9C25 /* [CP-User] Embed Flutter Build flutter_module_add_to_ios Script */,
			);
			buildRules = (
			);
			dependencies = (
			);
			name = test_ios;
			productName = test_ios;
			productReference = EA13C0A2298804CC00D01D48 /* test_ios.app */;
			productType = "com.apple.product-type.application";
		};
/* End PBXNativeTarget section */

/* Begin PBXProject section */
		EA13C09A298804CC00D01D48 /* Project object */ = {
			isa = PBXProject;
			attributes = {
				BuildIndependentTargetsInParallel = 1;
				LastSwiftUpdateCheck = 1420;
				LastUpgradeCheck = 1420;
				TargetAttributes = {
					EA13C0A1298804CC00D01D48 = {
						CreatedOnToolsVersion = 14.2;
					};
				};
			};
			buildConfigurationList = EA13C09D298804CC00D01D48 /* Build configuration list for PBXProject "test_ios" */;
			compatibilityVersion = "Xcode 14.0";
			developmentRegion = en;
			hasScannedForEncodings = 0;
			knownRegions = (
				en,
				Base,
			);
			mainGroup = EA13C099298804CC00D01D48;
			productRefGroup = EA13C0A3298804CC00D01D48 /* Products */;
			projectDirPath = "";
			projectRoot = "";
			targets = (
				EA13C0A1298804CC00D01D48 /* test_ios */,
			);
		};
/* End PBXProject section */

/* Begin PBXResourcesBuildPhase section */
		EA13C0A0298804CC00D01D48 /* Resources */ = {
			isa = PBXResourcesBuildPhase;
			buildActionMask = 2147483647;
			files = (
				EA13C0B2298804CE00D01D48 /* LaunchScreen.storyboard in Resources */,
				EA13C0AF298804CE00D01D48 /* Assets.xcassets in Resources */,
				EA13C0AD298804CC00D01D48 /* Main.storyboard in Resources */,
			);
			runOnlyForDeploymentPostprocessing = 0;
		};
/* End PBXResourcesBuildPhase section */

/* Begin PBXShellScriptBuildPhase section */
		59A130CC2012B4D62696B2EC /* [CP] Check Pods Manifest.lock */ = {
			isa = PBXShellScriptBuildPhase;
			buildActionMask = 2147483647;
			files = (
			);
			inputFileListPaths = (
			);
			inputPaths = (
				"${PODS_PODFILE_DIR_PATH}/Podfile.lock",
				"${PODS_ROOT}/Manifest.lock",
			);
			name = "[CP] Check Pods Manifest.lock";
			outputFileListPaths = (
			);
			outputPaths = (
				"$(DERIVED_FILE_DIR)/Pods-test_ios-checkManifestLockResult.txt",
			);
			runOnlyForDeploymentPostprocessing = 0;
			shellPath = /bin/sh;
			shellScript = "diff \"${PODS_PODFILE_DIR_PATH}/Podfile.lock\" \"${PODS_ROOT}/Manifest.lock\" > /dev/null\nif [ $? != 0 ] ; then\n    # print error to STDERR\n    echo \"error: The sandbox is not in sync with the Podfile.lock. Run 'pod install' or update your CocoaPods installation.\" >&2\n    exit 1\nfi\n# This output is used by Xcode 'outputs' to avoid re-running this script phase.\necho \"SUCCESS\" > \"${SCRIPT_OUTPUT_FILE_0}\"\n";
			showEnvVarsInLog = 0;
		};
		A9D49F3C1E88DD9312CA9C25 /* [CP-User] Embed Flutter Build flutter_module_add_to_ios Script */ = {
			isa = PBXShellScriptBuildPhase;
			buildActionMask = 2147483647;
			files = (
			);
			name = "[CP-User] Embed Flutter Build flutter_module_add_to_ios Script";
			runOnlyForDeploymentPostprocessing = 0;
			shellPath = /bin/sh;
			shellScript = "set -e\nset -u\nsource \"${SRCROOT}/../flutter_module_add_to_ios/.ios/Flutter/flutter_export_environment.sh\"\nexport VERBOSE_SCRIPT_LOGGING=1 && \"$FLUTTER_ROOT\"/packages/flutter_tools/bin/xcode_backend.sh embed_and_thin";
		};
		AA58D00E3A835803A86C3FD7 /* [CP-User] Run Flutter Build flutter_module_add_to_ios Script */ = {
			isa = PBXShellScriptBuildPhase;
			buildActionMask = 2147483647;
			files = (
			);
			name = "[CP-User] Run Flutter Build flutter_module_add_to_ios Script";
			runOnlyForDeploymentPostprocessing = 0;
			shellPath = /bin/sh;
			shellScript = "set -e\nset -u\nsource \"${SRCROOT}/../flutter_module_add_to_ios/.ios/Flutter/flutter_export_environment.sh\"\nexport VERBOSE_SCRIPT_LOGGING=1 && \"$FLUTTER_ROOT\"/packages/flutter_tools/bin/xcode_backend.sh build";
		};
/* End PBXShellScriptBuildPhase section */

/* Begin PBXSourcesBuildPhase section */
		EA13C09E298804CC00D01D48 /* Sources */ = {
			isa = PBXSourcesBuildPhase;
			buildActionMask = 2147483647;
			files = (
				EA13C0AA298804CC00D01D48 /* ViewController.swift in Sources */,
				EA13C0A6298804CC00D01D48 /* AppDelegate.swift in Sources */,
				EA13C0A8298804CC00D01D48 /* SceneDelegate.swift in Sources */,
			);
			runOnlyForDeploymentPostprocessing = 0;
		};
/* End PBXSourcesBuildPhase section */

/* Begin PBXVariantGroup section */
		EA13C0AB298804CC00D01D48 /* Main.storyboard */ = {
			isa = PBXVariantGroup;
			children = (
				EA13C0AC298804CC00D01D48 /* Base */,
			);
			name = Main.storyboard;
			sourceTree = "<group>";
		};
		EA13C0B0298804CE00D01D48 /* LaunchScreen.storyboard */ = {
			isa = PBXVariantGroup;
			children = (
				EA13C0B1298804CE00D01D48 /* Base */,
			);
			name = LaunchScreen.storyboard;
			sourceTree = "<group>";
		};
/* End PBXVariantGroup section */

/* Begin XCBuildConfiguration section */
		EA13C0B4298804CE00D01D48 /* Debug */ = {
			isa = XCBuildConfiguration;
			buildSettings = {
				ALWAYS_SEARCH_USER_PATHS = NO;
				CLANG_ANALYZER_NONNULL = YES;
				CLANG_ANALYZER_NUMBER_OBJECT_CONVERSION = YES_AGGRESSIVE;
				CLANG_CXX_LANGUAGE_STANDARD = "gnu++20";
				CLANG_ENABLE_MODULES = YES;
				CLANG_ENABLE_OBJC_ARC = YES;
				CLANG_ENABLE_OBJC_WEAK = YES;
				CLANG_WARN_BLOCK_CAPTURE_AUTORELEASING = YES;
				CLANG_WARN_BOOL_CONVERSION = YES;
				CLANG_WARN_COMMA = YES;
				CLANG_WARN_CONSTANT_CONVERSION = YES;
				CLANG_WARN_DEPRECATED_OBJC_IMPLEMENTATIONS = YES;
				CLANG_WARN_DIRECT_OBJC_ISA_USAGE = YES_ERROR;
				CLANG_WARN_DOCUMENTATION_COMMENTS = YES;
				CLANG_WARN_EMPTY_BODY = YES;
				CLANG_WARN_ENUM_CONVERSION = YES;
				CLANG_WARN_INFINITE_RECURSION = YES;
				CLANG_WARN_INT_CONVERSION = YES;
				CLANG_WARN_NON_LITERAL_NULL_CONVERSION = YES;
				CLANG_WARN_OBJC_IMPLICIT_RETAIN_SELF = YES;
				CLANG_WARN_OBJC_LITERAL_CONVERSION = YES;
				CLANG_WARN_OBJC_ROOT_CLASS = YES_ERROR;
				CLANG_WARN_QUOTED_INCLUDE_IN_FRAMEWORK_HEADER = YES;
				CLANG_WARN_RANGE_LOOP_ANALYSIS = YES;
				CLANG_WARN_STRICT_PROTOTYPES = YES;
				CLANG_WARN_SUSPICIOUS_MOVE = YES;
				CLANG_WARN_UNGUARDED_AVAILABILITY = YES_AGGRESSIVE;
				CLANG_WARN_UNREACHABLE_CODE = YES;
				CLANG_WARN__DUPLICATE_METHOD_MATCH = YES;
				COPY_PHASE_STRIP = NO;
				DEBUG_INFORMATION_FORMAT = dwarf;
				ENABLE_STRICT_OBJC_MSGSEND = YES;
				ENABLE_TESTABILITY = YES;
				GCC_C_LANGUAGE_STANDARD = gnu11;
				GCC_DYNAMIC_NO_PIC = NO;
				GCC_NO_COMMON_BLOCKS = YES;
				GCC_OPTIMIZATION_LEVEL = 0;
				GCC_PREPROCESSOR_DEFINITIONS = (
					"DEBUG=1",
					"$(inherited)",
				);
				GCC_WARN_64_TO_32_BIT_CONVERSION = YES;
				GCC_WARN_ABOUT_RETURN_TYPE = YES_ERROR;
				GCC_WARN_UNDECLARED_SELECTOR = YES;
				GCC_WARN_UNINITIALIZED_AUTOS = YES_AGGRESSIVE;
				GCC_WARN_UNUSED_FUNCTION = YES;
				GCC_WARN_UNUSED_VARIABLE = YES;
				IPHONEOS_DEPLOYMENT_TARGET = 16.2;
				MTL_ENABLE_DEBUG_INFO = INCLUDE_SOURCE;
				MTL_FAST_MATH = YES;
				ONLY_ACTIVE_ARCH = YES;
				SDKROOT = iphoneos;
				SWIFT_ACTIVE_COMPILATION_CONDITIONS = DEBUG;
				SWIFT_OPTIMIZATION_LEVEL = "-Onone";
			};
			name = Debug;
		};
		EA13C0B5298804CE00D01D48 /* Release */ = {
			isa = XCBuildConfiguration;
			buildSettings = {
				ALWAYS_SEARCH_USER_PATHS = NO;
				CLANG_ANALYZER_NONNULL = YES;
				CLANG_ANALYZER_NUMBER_OBJECT_CONVERSION = YES_AGGRESSIVE;
				CLANG_CXX_LANGUAGE_STANDARD = "gnu++20";
				CLANG_ENABLE_MODULES = YES;
				CLANG_ENABLE_OBJC_ARC = YES;
				CLANG_ENABLE_OBJC_WEAK = YES;
				CLANG_WARN_BLOCK_CAPTURE_AUTORELEASING = YES;
				CLANG_WARN_BOOL_CONVERSION = YES;
				CLANG_WARN_COMMA = YES;
				CLANG_WARN_CONSTANT_CONVERSION = YES;
				CLANG_WARN_DEPRECATED_OBJC_IMPLEMENTATIONS = YES;
				CLANG_WARN_DIRECT_OBJC_ISA_USAGE = YES_ERROR;
				CLANG_WARN_DOCUMENTATION_COMMENTS = YES;
				CLANG_WARN_EMPTY_BODY = YES;
				CLANG_WARN_ENUM_CONVERSION = YES;
				CLANG_WARN_INFINITE_RECURSION = YES;
				CLANG_WARN_INT_CONVERSION = YES;
				CLANG_WARN_NON_LITERAL_NULL_CONVERSION = YES;
				CLANG_WARN_OBJC_IMPLICIT_RETAIN_SELF = YES;
				CLANG_WARN_OBJC_LITERAL_CONVERSION = YES;
				CLANG_WARN_OBJC_ROOT_CLASS = YES_ERROR;
				CLANG_WARN_QUOTED_INCLUDE_IN_FRAMEWORK_HEADER = YES;
				CLANG_WARN_RANGE_LOOP_ANALYSIS = YES;
				CLANG_WARN_STRICT_PROTOTYPES = YES;
				CLANG_WARN_SUSPICIOUS_MOVE = YES;
				CLANG_WARN_UNGUARDED_AVAILABILITY = YES_AGGRESSIVE;
				CLANG_WARN_UNREACHABLE_CODE = YES;
				CLANG_WARN__DUPLICATE_METHOD_MATCH = YES;
				COPY_PHASE_STRIP = NO;
				DEBUG_INFORMATION_FORMAT = "dwarf-with-dsym";
				ENABLE_NS_ASSERTIONS = NO;
				ENABLE_STRICT_OBJC_MSGSEND = YES;
				GCC_C_LANGUAGE_STANDARD = gnu11;
				GCC_NO_COMMON_BLOCKS = YES;
				GCC_WARN_64_TO_32_BIT_CONVERSION = YES;
				GCC_WARN_ABOUT_RETURN_TYPE = YES_ERROR;
				GCC_WARN_UNDECLARED_SELECTOR = YES;
				GCC_WARN_UNINITIALIZED_AUTOS = YES_AGGRESSIVE;
				GCC_WARN_UNUSED_FUNCTION = YES;
				GCC_WARN_UNUSED_VARIABLE = YES;
				IPHONEOS_DEPLOYMENT_TARGET = 16.2;
				MTL_ENABLE_DEBUG_INFO = NO;
				MTL_FAST_MATH = YES;
				SDKROOT = iphoneos;
				SWIFT_COMPILATION_MODE = wholemodule;
				SWIFT_OPTIMIZATION_LEVEL = "-O";
				VALIDATE_PRODUCT = YES;
			};
			name = Release;
		};
		EA13C0B7298804CE00D01D48 /* Debug */ = {
			isa = XCBuildConfiguration;
			baseConfigurationReference = CB8DBA0768D52A6D18B6E2FA /* Pods-test_ios.debug.xcconfig */;
			buildSettings = {
				ASSETCATALOG_COMPILER_APPICON_NAME = AppIcon;
				ASSETCATALOG_COMPILER_GLOBAL_ACCENT_COLOR_NAME = AccentColor;
				CODE_SIGN_STYLE = Automatic;
				CURRENT_PROJECT_VERSION = 1;
				"EXCLUDED_ARCHS[sdk=iphonesimulator*]" = arm64;
				GENERATE_INFOPLIST_FILE = YES;
				INFOPLIST_FILE = test_ios/Application/Info.plist;
				INFOPLIST_KEY_UIApplicationSupportsIndirectInputEvents = YES;
				INFOPLIST_KEY_UILaunchStoryboardName = LaunchScreen;
				INFOPLIST_KEY_UIMainStoryboardFile = Main;
				INFOPLIST_KEY_UISupportedInterfaceOrientations_iPad = "UIInterfaceOrientationPortrait UIInterfaceOrientationPortraitUpsideDown UIInterfaceOrientationLandscapeLeft UIInterfaceOrientationLandscapeRight";
				INFOPLIST_KEY_UISupportedInterfaceOrientations_iPhone = "UIInterfaceOrientationPortrait UIInterfaceOrientationLandscapeLeft UIInterfaceOrientationLandscapeRight";
				IPHONEOS_DEPLOYMENT_TARGET = 12.0;
				LD_RUNPATH_SEARCH_PATHS = (
					"$(inherited)",
					"@executable_path/Frameworks",
				);
				MARKETING_VERSION = 1.0;
				PRODUCT_BUNDLE_IDENTIFIER = "com.test.test-ios";
				PRODUCT_NAME = "$(TARGET_NAME)";
				SWIFT_EMIT_LOC_STRINGS = YES;
				SWIFT_VERSION = 5.0;
				TARGETED_DEVICE_FAMILY = "1,2";
			};
			name = Debug;
		};
		EA13C0B8298804CE00D01D48 /* Release */ = {
			isa = XCBuildConfiguration;
			baseConfigurationReference = 5D4F2B195596CE828E338652 /* Pods-test_ios.release.xcconfig */;
			buildSettings = {
				ASSETCATALOG_COMPILER_APPICON_NAME = AppIcon;
				ASSETCATALOG_COMPILER_GLOBAL_ACCENT_COLOR_NAME = AccentColor;
				CODE_SIGN_STYLE = Automatic;
				CURRENT_PROJECT_VERSION = 1;
				GENERATE_INFOPLIST_FILE = YES;
				INFOPLIST_FILE = test_ios/Application/Info.plist;
				INFOPLIST_KEY_UIApplicationSupportsIndirectInputEvents = YES;
				INFOPLIST_KEY_UILaunchStoryboardName = LaunchScreen;
				INFOPLIST_KEY_UIMainStoryboardFile = Main;
				INFOPLIST_KEY_UISupportedInterfaceOrientations_iPad = "UIInterfaceOrientationPortrait UIInterfaceOrientationPortraitUpsideDown UIInterfaceOrientationLandscapeLeft UIInterfaceOrientationLandscapeRight";
				INFOPLIST_KEY_UISupportedInterfaceOrientations_iPhone = "UIInterfaceOrientationPortrait UIInterfaceOrientationLandscapeLeft UIInterfaceOrientationLandscapeRight";
				IPHONEOS_DEPLOYMENT_TARGET = 12.0;
				LD_RUNPATH_SEARCH_PATHS = (
					"$(inherited)",
					"@executable_path/Frameworks",
				);
				MARKETING_VERSION = 1.0;
				PRODUCT_BUNDLE_IDENTIFIER = "com.test.test-ios";
				PRODUCT_NAME = "$(TARGET_NAME)";
				SWIFT_EMIT_LOC_STRINGS = YES;
				SWIFT_VERSION = 5.0;
				TARGETED_DEVICE_FAMILY = "1,2";
			};
			name = Release;
		};
/* End XCBuildConfiguration section */

/* Begin XCConfigurationList section */
		EA13C09D298804CC00D01D48 /* Build configuration list for PBXProject "test_ios" */ = {
			isa = XCConfigurationList;
			buildConfigurations = (
				EA13C0B4298804CE00D01D48 /* Debug */,
				EA13C0B5298804CE00D01D48 /* Release */,
			);
			defaultConfigurationIsVisible = 0;
			defaultConfigurationName = Release;
		};
		EA13C0B6298804CE00D01D48 /* Build configuration list for PBXNativeTarget "test_ios" */ = {
			isa = XCConfigurationList;
			buildConfigurations = (
				EA13C0B7298804CE00D01D48 /* Debug */,
				EA13C0B8298804CE00D01D48 /* Release */,
			);
			defaultConfigurationIsVisible = 0;
			defaultConfigurationName = Release;
		};
/* End XCConfigurationList section */
	};
	rootObject = EA13C09A298804CC00D01D48 /* Project object */;
}
